// !$*UTF8*$!
{
	archiveVersion = 1;
	classes = {
	};
	objectVersion = 50;
	objects = {

/* Begin PBXBuildFile section */
		74A715FF0F1F4BC1704C9459 /* Pods_SIM.framework in Frameworks */ = {isa = PBXBuildFile; fileRef = FEB2C1D667EEA6E5D5BA14BF /* Pods_SIM.framework */; };
		C104E0F922F89DE8002519D2 /* GameSettingsPage.swift in Sources */ = {isa = PBXBuildFile; fileRef = C104E0F822F89DE8002519D2 /* GameSettingsPage.swift */; };
		C10795D42322D32F00044254 /* QuotePageViewC.swift in Sources */ = {isa = PBXBuildFile; fileRef = C10795D32322D32F00044254 /* QuotePageViewC.swift */; };
		C10795D62322D42500044254 /* TradePageViewC.swift in Sources */ = {isa = PBXBuildFile; fileRef = C10795D52322D42500044254 /* TradePageViewC.swift */; };
		C10795D82322D76C00044254 /* FullDetailsPageViewC.swift in Sources */ = {isa = PBXBuildFile; fileRef = C10795D72322D76C00044254 /* FullDetailsPageViewC.swift */; };
		C11A1F172301B2750067FAFA /* UserGameSettings.swift in Sources */ = {isa = PBXBuildFile; fileRef = C11A1F162301B2750067FAFA /* UserGameSettings.swift */; };
		C12CD1C623170DE200FBA211 /* GameStatsPage.swift in Sources */ = {isa = PBXBuildFile; fileRef = C12CD1C523170DE200FBA211 /* GameStatsPage.swift */; };
		C133447A22DE0047002A04BF /* TermsOfService.swift in Sources */ = {isa = PBXBuildFile; fileRef = C133447922DE0047002A04BF /* TermsOfService.swift */; };
		C133447C22DE0070002A04BF /* Privacy.swift in Sources */ = {isa = PBXBuildFile; fileRef = C133447B22DE0070002A04BF /* Privacy.swift */; };
		C13C637323043AEF00BF1221 /* LeaderboardPage.swift in Sources */ = {isa = PBXBuildFile; fileRef = C13C637223043AEF00BF1221 /* LeaderboardPage.swift */; };
		C13C6376230442C000BF1221 /* leaderboardCell.swift in Sources */ = {isa = PBXBuildFile; fileRef = C13C6374230442C000BF1221 /* leaderboardCell.swift */; };
		C13C6377230442C000BF1221 /* leaderboardCell.xib in Resources */ = {isa = PBXBuildFile; fileRef = C13C6375230442C000BF1221 /* leaderboardCell.xib */; };
		C1445E9C230C6FF900CECF0B /* ConfirmationPage.swift in Sources */ = {isa = PBXBuildFile; fileRef = C1445E9B230C6FF900CECF0B /* ConfirmationPage.swift */; };
		C14ADE64234FAC21007C2501 /* Charts.swift in Sources */ = {isa = PBXBuildFile; fileRef = C14ADE63234FAC21007C2501 /* Charts.swift */; };
		C14ADE66234FAD1C007C2501 /* ChartsView.swift in Sources */ = {isa = PBXBuildFile; fileRef = C14ADE65234FAD1C007C2501 /* ChartsView.swift */; };
		C14C1C3522D378510018E1F6 /* LoginScreen.swift in Sources */ = {isa = PBXBuildFile; fileRef = C14C1C3422D378510018E1F6 /* LoginScreen.swift */; };
		C14C1C3722D3A4040018E1F6 /* Portfolio.swift in Sources */ = {isa = PBXBuildFile; fileRef = C14C1C3622D3A4040018E1F6 /* Portfolio.swift */; };
		C14D174222DC9ED800CE1B43 /* GameSettings.swift in Sources */ = {isa = PBXBuildFile; fileRef = C14D174122DC9ED800CE1B43 /* GameSettings.swift */; };
		C14D174522DCA33600CE1B43 /* settingsCell.swift in Sources */ = {isa = PBXBuildFile; fileRef = C14D174322DCA33600CE1B43 /* settingsCell.swift */; };
		C14D174622DCA33600CE1B43 /* settingsCell.xib in Resources */ = {isa = PBXBuildFile; fileRef = C14D174422DCA33600CE1B43 /* settingsCell.xib */; };
		C159FBCC22CBD2CD001E0A81 /* AlertViewController.swift in Sources */ = {isa = PBXBuildFile; fileRef = C159FBCB22CBD2CD001E0A81 /* AlertViewController.swift */; };
		C15AC3DD22F1CE6800BCBDAD /* RegisterPage.swift in Sources */ = {isa = PBXBuildFile; fileRef = C15AC3DC22F1CE6800BCBDAD /* RegisterPage.swift */; };
		C15AC3DF22F1F23E00BCBDAD /* OverviewPage.swift in Sources */ = {isa = PBXBuildFile; fileRef = C15AC3DE22F1F23E00BCBDAD /* OverviewPage.swift */; };
		C15AC3E122F2234B00BCBDAD /* FindGamePage.swift in Sources */ = {isa = PBXBuildFile; fileRef = C15AC3E022F2234B00BCBDAD /* FindGamePage.swift */; };
		C15AC3E322F223F700BCBDAD /* CreateGamePage.swift in Sources */ = {isa = PBXBuildFile; fileRef = C15AC3E222F223F700BCBDAD /* CreateGamePage.swift */; };
		C15B2980235600C200C1F9BD /* TestCharts.swift in Sources */ = {isa = PBXBuildFile; fileRef = C15B297F235600C200C1F9BD /* TestCharts.swift */; };
		C15CEF2322F0706D00F620B9 /* LoginPage.swift in Sources */ = {isa = PBXBuildFile; fileRef = C15CEF2222F0706D00F620B9 /* LoginPage.swift */; };
		C15F2876232FB28E000D62EC /* quickStats.swift in Sources */ = {isa = PBXBuildFile; fileRef = C15F2874232FB28E000D62EC /* quickStats.swift */; };
		C15F2877232FB28E000D62EC /* quickStats.xib in Resources */ = {isa = PBXBuildFile; fileRef = C15F2875232FB28E000D62EC /* quickStats.xib */; };
		C16115D223268438000CAA89 /* ProfileSettingsPage.swift in Sources */ = {isa = PBXBuildFile; fileRef = C16115D123268438000CAA89 /* ProfileSettingsPage.swift */; };
		C1722EAE22F9C2320035D925 /* DisclaimerPage.swift in Sources */ = {isa = PBXBuildFile; fileRef = C1722EAD22F9C2320035D925 /* DisclaimerPage.swift */; };
		C173A8D122B12161001A7F97 /* SIMBrain.swift in Sources */ = {isa = PBXBuildFile; fileRef = C173A8D022B12161001A7F97 /* SIMBrain.swift */; };
		C173A8D322B1237A001A7F97 /* Stock.swift in Sources */ = {isa = PBXBuildFile; fileRef = C173A8D222B1237A001A7F97 /* Stock.swift */; };
		C173A8D522B1250C001A7F97 /* Player.swift in Sources */ = {isa = PBXBuildFile; fileRef = C173A8D422B1250C001A7F97 /* Player.swift */; };
		C173A8D722B12D20001A7F97 /* SIMGame.swift in Sources */ = {isa = PBXBuildFile; fileRef = C173A8D622B12D20001A7F97 /* SIMGame.swift */; };
		C174743F23476ABE006C82AF /* Animation.swift in Sources */ = {isa = PBXBuildFile; fileRef = C174743E23476ABE006C82AF /* Animation.swift */; };
		C1784E5422E0AF4300A62B5C /* gameDetailCell.swift in Sources */ = {isa = PBXBuildFile; fileRef = C1784E5222E0AF4300A62B5C /* gameDetailCell.swift */; };
		C1784E5522E0AF4300A62B5C /* gameDetailCell.xib in Resources */ = {isa = PBXBuildFile; fileRef = C1784E5322E0AF4300A62B5C /* gameDetailCell.xib */; };
		C1784E5A22E0B71600A62B5C /* profileCell.swift in Sources */ = {isa = PBXBuildFile; fileRef = C1784E5822E0B71600A62B5C /* profileCell.swift */; };
		C1784E5B22E0B71600A62B5C /* profileCell.xib in Resources */ = {isa = PBXBuildFile; fileRef = C1784E5922E0B71600A62B5C /* profileCell.xib */; };
		C1784E5F22E0C05800A62B5C /* Overview.swift in Sources */ = {isa = PBXBuildFile; fileRef = C1784E5E22E0C05800A62B5C /* Overview.swift */; };
		C17FD84D237C58DA000CD496 /* FBlearningViewController.swift in Sources */ = {isa = PBXBuildFile; fileRef = C17FD84C237C58DA000CD496 /* FBlearningViewController.swift */; };
		C17FDFBB22BBF2EB0046EEF6 /* searchViewController.swift in Sources */ = {isa = PBXBuildFile; fileRef = C17FDFBA22BBF2EB0046EEF6 /* searchViewController.swift */; };
		C17FDFBD22BC1C090046EEF6 /* StockSymbols.swift in Sources */ = {isa = PBXBuildFile; fileRef = C17FDFBC22BC1C090046EEF6 /* StockSymbols.swift */; };
		C193E5BC22D4EE11004E16DB /* SignIn.swift in Sources */ = {isa = PBXBuildFile; fileRef = C193E5BB22D4EE11004E16DB /* SignIn.swift */; };
		C193E5BE22D52636004E16DB /* SignUp.swift in Sources */ = {isa = PBXBuildFile; fileRef = C193E5BD22D52636004E16DB /* SignUp.swift */; };
		C193E5C022D529C0004E16DB /* ForgotPassword.swift in Sources */ = {isa = PBXBuildFile; fileRef = C193E5BF22D529C0004E16DB /* ForgotPassword.swift */; };
		C19ADCB022E9CEC50073F5E9 /* GamesInfo.swift in Sources */ = {isa = PBXBuildFile; fileRef = C19ADCAF22E9CEC50073F5E9 /* GamesInfo.swift */; };
		C19B03D922D65CEA00DC0AA9 /* FindGame.swift in Sources */ = {isa = PBXBuildFile; fileRef = C19B03D822D65CEA00DC0AA9 /* FindGame.swift */; };
		C19B03DB22D65FD000DC0AA9 /* TradeWindow.swift in Sources */ = {isa = PBXBuildFile; fileRef = C19B03DA22D65FD000DC0AA9 /* TradeWindow.swift */; };
		C19B03DF22D6773400DC0AA9 /* searchResultsCell.swift in Sources */ = {isa = PBXBuildFile; fileRef = C19B03DD22D6773400DC0AA9 /* searchResultsCell.swift */; };
		C19B03E022D6773400DC0AA9 /* searchResultsCell.xib in Resources */ = {isa = PBXBuildFile; fileRef = C19B03DE22D6773400DC0AA9 /* searchResultsCell.xib */; };
		C19E163722C0FE02004EE77B /* disclaimers in Resources */ = {isa = PBXBuildFile; fileRef = C19E163622C0FE02004EE77B /* disclaimers */; };
		C19E163922C15320004EE77B /* buyViewController.swift in Sources */ = {isa = PBXBuildFile; fileRef = C19E163822C15320004EE77B /* buyViewController.swift */; };
		C19E163B22C15335004EE77B /* sellViewController.swift in Sources */ = {isa = PBXBuildFile; fileRef = C19E163A22C15335004EE77B /* sellViewController.swift */; };
		C19E163D22C15348004EE77B /* longViewController.swift in Sources */ = {isa = PBXBuildFile; fileRef = C19E163C22C15348004EE77B /* longViewController.swift */; };
		C19EC56523CE375100EC0F5E /* JsonSerial.swift in Sources */ = {isa = PBXBuildFile; fileRef = C19EC56423CE375100EC0F5E /* JsonSerial.swift */; };
		C19F310E234E7397004F8227 /* BuyStockPage.swift in Sources */ = {isa = PBXBuildFile; fileRef = C19F310D234E7397004F8227 /* BuyStockPage.swift */; };
		C19F3110234E73C9004F8227 /* SellStockPage.swift in Sources */ = {isa = PBXBuildFile; fileRef = C19F310F234E73C9004F8227 /* SellStockPage.swift */; };
		C1A89C2D2327E46500FAAB3F /* Symbol.swift in Sources */ = {isa = PBXBuildFile; fileRef = C1A89C2C2327E46500FAAB3F /* Symbol.swift */; };
		C1BCCEB9229D772900633D00 /* AppDelegate.swift in Sources */ = {isa = PBXBuildFile; fileRef = C1BCCEB8229D772900633D00 /* AppDelegate.swift */; };
		C1BCCEBE229D772900633D00 /* Main.storyboard in Resources */ = {isa = PBXBuildFile; fileRef = C1BCCEBC229D772900633D00 /* Main.storyboard */; };
		C1BCCEC0229D772B00633D00 /* Assets.xcassets in Resources */ = {isa = PBXBuildFile; fileRef = C1BCCEBF229D772B00633D00 /* Assets.xcassets */; };
		C1BCCEC3229D772B00633D00 /* LaunchScreen.storyboard in Resources */ = {isa = PBXBuildFile; fileRef = C1BCCEC1229D772B00633D00 /* LaunchScreen.storyboard */; };
		C1BCCECF229DB99400633D00 /* loginViewController.swift in Sources */ = {isa = PBXBuildFile; fileRef = C1BCCECE229DB99400633D00 /* loginViewController.swift */; };
		C1BCCED1229DB9F000633D00 /* portfolioViewController.swift in Sources */ = {isa = PBXBuildFile; fileRef = C1BCCED0229DB9F000633D00 /* portfolioViewController.swift */; };
		C1BCCED3229DBC9200633D00 /* SignInViewController.swift in Sources */ = {isa = PBXBuildFile; fileRef = C1BCCED2229DBC9200633D00 /* SignInViewController.swift */; };
		C1C8BA58229EBE4900267F75 /* GoogleService-Info.plist in Resources */ = {isa = PBXBuildFile; fileRef = C1C8BA57229EBE4900267F75 /* GoogleService-Info.plist */; };
		C1C9B3F523391CC80094498B /* inGameDetailsCell.swift in Sources */ = {isa = PBXBuildFile; fileRef = C1C9B3F323391CC80094498B /* inGameDetailsCell.swift */; };
		C1C9B3F623391CC80094498B /* inGameDetailsCell.xib in Resources */ = {isa = PBXBuildFile; fileRef = C1C9B3F423391CC80094498B /* inGameDetailsCell.xib */; };
		C1D311CF22D795F900440C1D /* TestViewController.swift in Sources */ = {isa = PBXBuildFile; fileRef = C1D311CE22D795F900440C1D /* TestViewController.swift */; };
		C1F0BF0822CCC74A0016FC17 /* AnimationsViewController.swift in Sources */ = {isa = PBXBuildFile; fileRef = C1F0BF0722CCC74A0016FC17 /* AnimationsViewController.swift */; };
		C1F0BF0A22CCEF1E0016FC17 /* PopUpViewController.swift in Sources */ = {isa = PBXBuildFile; fileRef = C1F0BF0922CCEF1E0016FC17 /* PopUpViewController.swift */; };
		C1F0BF0C22CD2FA40016FC17 /* LoadingViewController.swift in Sources */ = {isa = PBXBuildFile; fileRef = C1F0BF0B22CD2FA40016FC17 /* LoadingViewController.swift */; };
/* End PBXBuildFile section */

/* Begin PBXFileReference section */
		52A7255E8B6D4800597A4527 /* Pods-SIM.debug.xcconfig */ = {isa = PBXFileReference; includeInIndex = 1; lastKnownFileType = text.xcconfig; name = "Pods-SIM.debug.xcconfig"; path = "Pods/Target Support Files/Pods-SIM/Pods-SIM.debug.xcconfig"; sourceTree = "<group>"; };
		C104E0F822F89DE8002519D2 /* GameSettingsPage.swift */ = {isa = PBXFileReference; lastKnownFileType = sourcecode.swift; path = GameSettingsPage.swift; sourceTree = "<group>"; };
		C10795D32322D32F00044254 /* QuotePageViewC.swift */ = {isa = PBXFileReference; lastKnownFileType = sourcecode.swift; path = QuotePageViewC.swift; sourceTree = "<group>"; };
		C10795D52322D42500044254 /* TradePageViewC.swift */ = {isa = PBXFileReference; lastKnownFileType = sourcecode.swift; path = TradePageViewC.swift; sourceTree = "<group>"; };
		C10795D72322D76C00044254 /* FullDetailsPageViewC.swift */ = {isa = PBXFileReference; lastKnownFileType = sourcecode.swift; path = FullDetailsPageViewC.swift; sourceTree = "<group>"; };
		C11A1F162301B2750067FAFA /* UserGameSettings.swift */ = {isa = PBXFileReference; lastKnownFileType = sourcecode.swift; name = UserGameSettings.swift; path = SIM/view/UserGameSettings.swift; sourceTree = SOURCE_ROOT; };
		C12CD1C523170DE200FBA211 /* GameStatsPage.swift */ = {isa = PBXFileReference; lastKnownFileType = sourcecode.swift; path = GameStatsPage.swift; sourceTree = "<group>"; };
		C133447922DE0047002A04BF /* TermsOfService.swift */ = {isa = PBXFileReference; lastKnownFileType = sourcecode.swift; path = TermsOfService.swift; sourceTree = "<group>"; };
		C133447B22DE0070002A04BF /* Privacy.swift */ = {isa = PBXFileReference; lastKnownFileType = sourcecode.swift; path = Privacy.swift; sourceTree = "<group>"; };
		C13C637223043AEF00BF1221 /* LeaderboardPage.swift */ = {isa = PBXFileReference; lastKnownFileType = sourcecode.swift; path = LeaderboardPage.swift; sourceTree = "<group>"; };
		C13C6374230442C000BF1221 /* leaderboardCell.swift */ = {isa = PBXFileReference; lastKnownFileType = sourcecode.swift; path = leaderboardCell.swift; sourceTree = "<group>"; };
		C13C6375230442C000BF1221 /* leaderboardCell.xib */ = {isa = PBXFileReference; lastKnownFileType = file.xib; path = leaderboardCell.xib; sourceTree = "<group>"; };
		C1445E9B230C6FF900CECF0B /* ConfirmationPage.swift */ = {isa = PBXFileReference; lastKnownFileType = sourcecode.swift; path = ConfirmationPage.swift; sourceTree = "<group>"; };
		C14ADE63234FAC21007C2501 /* Charts.swift */ = {isa = PBXFileReference; lastKnownFileType = sourcecode.swift; name = Charts.swift; path = SIM/view/Charts.swift; sourceTree = SOURCE_ROOT; };
		C14ADE65234FAD1C007C2501 /* ChartsView.swift */ = {isa = PBXFileReference; lastKnownFileType = sourcecode.swift; path = ChartsView.swift; sourceTree = "<group>"; };
		C14C1C3422D378510018E1F6 /* LoginScreen.swift */ = {isa = PBXFileReference; lastKnownFileType = sourcecode.swift; path = LoginScreen.swift; sourceTree = "<group>"; };
		C14C1C3622D3A4040018E1F6 /* Portfolio.swift */ = {isa = PBXFileReference; lastKnownFileType = sourcecode.swift; path = Portfolio.swift; sourceTree = "<group>"; };
		C14D174122DC9ED800CE1B43 /* GameSettings.swift */ = {isa = PBXFileReference; lastKnownFileType = sourcecode.swift; path = GameSettings.swift; sourceTree = "<group>"; };
		C14D174322DCA33600CE1B43 /* settingsCell.swift */ = {isa = PBXFileReference; lastKnownFileType = sourcecode.swift; path = settingsCell.swift; sourceTree = "<group>"; };
		C14D174422DCA33600CE1B43 /* settingsCell.xib */ = {isa = PBXFileReference; lastKnownFileType = file.xib; path = settingsCell.xib; sourceTree = "<group>"; };
		C159FBCB22CBD2CD001E0A81 /* AlertViewController.swift */ = {isa = PBXFileReference; lastKnownFileType = sourcecode.swift; path = AlertViewController.swift; sourceTree = "<group>"; };
		C15AC3DC22F1CE6800BCBDAD /* RegisterPage.swift */ = {isa = PBXFileReference; lastKnownFileType = sourcecode.swift; path = RegisterPage.swift; sourceTree = "<group>"; };
		C15AC3DE22F1F23E00BCBDAD /* OverviewPage.swift */ = {isa = PBXFileReference; lastKnownFileType = sourcecode.swift; path = OverviewPage.swift; sourceTree = "<group>"; };
		C15AC3E022F2234B00BCBDAD /* FindGamePage.swift */ = {isa = PBXFileReference; lastKnownFileType = sourcecode.swift; path = FindGamePage.swift; sourceTree = "<group>"; };
		C15AC3E222F223F700BCBDAD /* CreateGamePage.swift */ = {isa = PBXFileReference; lastKnownFileType = sourcecode.swift; path = CreateGamePage.swift; sourceTree = "<group>"; };
		C15B297F235600C200C1F9BD /* TestCharts.swift */ = {isa = PBXFileReference; lastKnownFileType = sourcecode.swift; path = TestCharts.swift; sourceTree = "<group>"; };
		C15CEF2222F0706D00F620B9 /* LoginPage.swift */ = {isa = PBXFileReference; lastKnownFileType = sourcecode.swift; path = LoginPage.swift; sourceTree = "<group>"; };
		C15F2874232FB28E000D62EC /* quickStats.swift */ = {isa = PBXFileReference; lastKnownFileType = sourcecode.swift; path = quickStats.swift; sourceTree = "<group>"; };
		C15F2875232FB28E000D62EC /* quickStats.xib */ = {isa = PBXFileReference; lastKnownFileType = file.xib; path = quickStats.xib; sourceTree = "<group>"; };
		C16115D123268438000CAA89 /* ProfileSettingsPage.swift */ = {isa = PBXFileReference; lastKnownFileType = sourcecode.swift; path = ProfileSettingsPage.swift; sourceTree = "<group>"; };
		C1722EAD22F9C2320035D925 /* DisclaimerPage.swift */ = {isa = PBXFileReference; lastKnownFileType = sourcecode.swift; path = DisclaimerPage.swift; sourceTree = "<group>"; };
		C173A8D022B12161001A7F97 /* SIMBrain.swift */ = {isa = PBXFileReference; lastKnownFileType = sourcecode.swift; name = SIMBrain.swift; path = "SIM/support Files/SIMBrain.swift"; sourceTree = SOURCE_ROOT; };
		C173A8D222B1237A001A7F97 /* Stock.swift */ = {isa = PBXFileReference; lastKnownFileType = sourcecode.swift; name = Stock.swift; path = SIM/controllers/Stock.swift; sourceTree = SOURCE_ROOT; };
		C173A8D422B1250C001A7F97 /* Player.swift */ = {isa = PBXFileReference; lastKnownFileType = sourcecode.swift; name = Player.swift; path = SIM/controllers/Player.swift; sourceTree = SOURCE_ROOT; };
		C173A8D622B12D20001A7F97 /* SIMGame.swift */ = {isa = PBXFileReference; lastKnownFileType = sourcecode.swift; name = SIMGame.swift; path = SIM/controllers/SIMGame.swift; sourceTree = SOURCE_ROOT; };
		C174743E23476ABE006C82AF /* Animation.swift */ = {isa = PBXFileReference; lastKnownFileType = sourcecode.swift; path = Animation.swift; sourceTree = "<group>"; };
		C1784E5222E0AF4300A62B5C /* gameDetailCell.swift */ = {isa = PBXFileReference; lastKnownFileType = sourcecode.swift; path = gameDetailCell.swift; sourceTree = "<group>"; };
		C1784E5322E0AF4300A62B5C /* gameDetailCell.xib */ = {isa = PBXFileReference; lastKnownFileType = file.xib; path = gameDetailCell.xib; sourceTree = "<group>"; };
		C1784E5822E0B71600A62B5C /* profileCell.swift */ = {isa = PBXFileReference; lastKnownFileType = sourcecode.swift; path = profileCell.swift; sourceTree = "<group>"; };
		C1784E5922E0B71600A62B5C /* profileCell.xib */ = {isa = PBXFileReference; lastKnownFileType = file.xib; path = profileCell.xib; sourceTree = "<group>"; };
		C1784E5E22E0C05800A62B5C /* Overview.swift */ = {isa = PBXFileReference; lastKnownFileType = sourcecode.swift; path = Overview.swift; sourceTree = "<group>"; };
		C17FD84C237C58DA000CD496 /* FBlearningViewController.swift */ = {isa = PBXFileReference; lastKnownFileType = sourcecode.swift; path = FBlearningViewController.swift; sourceTree = "<group>"; };
		C17FDFBA22BBF2EB0046EEF6 /* searchViewController.swift */ = {isa = PBXFileReference; lastKnownFileType = sourcecode.swift; path = searchViewController.swift; sourceTree = "<group>"; };
		C17FDFBC22BC1C090046EEF6 /* StockSymbols.swift */ = {isa = PBXFileReference; lastKnownFileType = sourcecode.swift; name = StockSymbols.swift; path = SIM/view/StockSymbols.swift; sourceTree = SOURCE_ROOT; };
		C193E5BB22D4EE11004E16DB /* SignIn.swift */ = {isa = PBXFileReference; lastKnownFileType = sourcecode.swift; path = SignIn.swift; sourceTree = "<group>"; };
		C193E5BD22D52636004E16DB /* SignUp.swift */ = {isa = PBXFileReference; lastKnownFileType = sourcecode.swift; path = SignUp.swift; sourceTree = "<group>"; };
		C193E5BF22D529C0004E16DB /* ForgotPassword.swift */ = {isa = PBXFileReference; lastKnownFileType = sourcecode.swift; path = ForgotPassword.swift; sourceTree = "<group>"; };
		C19ADCAF22E9CEC50073F5E9 /* GamesInfo.swift */ = {isa = PBXFileReference; lastKnownFileType = sourcecode.swift; name = GamesInfo.swift; path = SIM/controllers/GamesInfo.swift; sourceTree = SOURCE_ROOT; };
		C19B03D822D65CEA00DC0AA9 /* FindGame.swift */ = {isa = PBXFileReference; lastKnownFileType = sourcecode.swift; path = FindGame.swift; sourceTree = "<group>"; };
		C19B03DA22D65FD000DC0AA9 /* TradeWindow.swift */ = {isa = PBXFileReference; lastKnownFileType = sourcecode.swift; path = TradeWindow.swift; sourceTree = "<group>"; };
		C19B03DD22D6773400DC0AA9 /* searchResultsCell.swift */ = {isa = PBXFileReference; lastKnownFileType = sourcecode.swift; path = searchResultsCell.swift; sourceTree = "<group>"; };
		C19B03DE22D6773400DC0AA9 /* searchResultsCell.xib */ = {isa = PBXFileReference; lastKnownFileType = file.xib; path = searchResultsCell.xib; sourceTree = "<group>"; };
		C19E163622C0FE02004EE77B /* disclaimers */ = {isa = PBXFileReference; lastKnownFileType = text; path = disclaimers; sourceTree = "<group>"; };
		C19E163822C15320004EE77B /* buyViewController.swift */ = {isa = PBXFileReference; lastKnownFileType = sourcecode.swift; path = buyViewController.swift; sourceTree = "<group>"; };
		C19E163A22C15335004EE77B /* sellViewController.swift */ = {isa = PBXFileReference; lastKnownFileType = sourcecode.swift; path = sellViewController.swift; sourceTree = "<group>"; };
		C19E163C22C15348004EE77B /* longViewController.swift */ = {isa = PBXFileReference; lastKnownFileType = sourcecode.swift; path = longViewController.swift; sourceTree = "<group>"; };
		C19EC56423CE375100EC0F5E /* JsonSerial.swift */ = {isa = PBXFileReference; lastKnownFileType = sourcecode.swift; name = JsonSerial.swift; path = SIM/view/JsonSerial.swift; sourceTree = SOURCE_ROOT; };
		C19F310D234E7397004F8227 /* BuyStockPage.swift */ = {isa = PBXFileReference; lastKnownFileType = sourcecode.swift; path = BuyStockPage.swift; sourceTree = "<group>"; };
		C19F310F234E73C9004F8227 /* SellStockPage.swift */ = {isa = PBXFileReference; lastKnownFileType = sourcecode.swift; path = SellStockPage.swift; sourceTree = "<group>"; };
		C1A89C2C2327E46500FAAB3F /* Symbol.swift */ = {isa = PBXFileReference; lastKnownFileType = sourcecode.swift; name = Symbol.swift; path = SIM/controllers/Symbol.swift; sourceTree = SOURCE_ROOT; };
		C1BCCEB5229D772900633D00 /* SIM.app */ = {isa = PBXFileReference; explicitFileType = wrapper.application; includeInIndex = 0; path = SIM.app; sourceTree = BUILT_PRODUCTS_DIR; };
		C1BCCEB8229D772900633D00 /* AppDelegate.swift */ = {isa = PBXFileReference; lastKnownFileType = sourcecode.swift; path = AppDelegate.swift; sourceTree = "<group>"; };
		C1BCCEBD229D772900633D00 /* Base */ = {isa = PBXFileReference; lastKnownFileType = file.storyboard; name = Base; path = Base.lproj/Main.storyboard; sourceTree = "<group>"; };
		C1BCCEBF229D772B00633D00 /* Assets.xcassets */ = {isa = PBXFileReference; lastKnownFileType = folder.assetcatalog; path = Assets.xcassets; sourceTree = "<group>"; };
		C1BCCEC2229D772B00633D00 /* Base */ = {isa = PBXFileReference; lastKnownFileType = file.storyboard; name = Base; path = Base.lproj/LaunchScreen.storyboard; sourceTree = "<group>"; };
		C1BCCEC4229D772B00633D00 /* Info.plist */ = {isa = PBXFileReference; lastKnownFileType = text.plist.xml; path = Info.plist; sourceTree = "<group>"; };
		C1BCCECE229DB99400633D00 /* loginViewController.swift */ = {isa = PBXFileReference; lastKnownFileType = sourcecode.swift; path = loginViewController.swift; sourceTree = "<group>"; };
		C1BCCED0229DB9F000633D00 /* portfolioViewController.swift */ = {isa = PBXFileReference; lastKnownFileType = sourcecode.swift; path = portfolioViewController.swift; sourceTree = "<group>"; };
		C1BCCED2229DBC9200633D00 /* SignInViewController.swift */ = {isa = PBXFileReference; lastKnownFileType = sourcecode.swift; path = SignInViewController.swift; sourceTree = "<group>"; };
		C1C8BA57229EBE4900267F75 /* GoogleService-Info.plist */ = {isa = PBXFileReference; fileEncoding = 4; lastKnownFileType = text.plist.xml; path = "GoogleService-Info.plist"; sourceTree = "<group>"; };
		C1C9B3F323391CC80094498B /* inGameDetailsCell.swift */ = {isa = PBXFileReference; lastKnownFileType = sourcecode.swift; path = inGameDetailsCell.swift; sourceTree = "<group>"; };
		C1C9B3F423391CC80094498B /* inGameDetailsCell.xib */ = {isa = PBXFileReference; lastKnownFileType = file.xib; path = inGameDetailsCell.xib; sourceTree = "<group>"; };
		C1D311CE22D795F900440C1D /* TestViewController.swift */ = {isa = PBXFileReference; lastKnownFileType = sourcecode.swift; path = TestViewController.swift; sourceTree = "<group>"; };
		C1F0BF0722CCC74A0016FC17 /* AnimationsViewController.swift */ = {isa = PBXFileReference; lastKnownFileType = sourcecode.swift; path = AnimationsViewController.swift; sourceTree = "<group>"; };
		C1F0BF0922CCEF1E0016FC17 /* PopUpViewController.swift */ = {isa = PBXFileReference; lastKnownFileType = sourcecode.swift; path = PopUpViewController.swift; sourceTree = "<group>"; };
		C1F0BF0B22CD2FA40016FC17 /* LoadingViewController.swift */ = {isa = PBXFileReference; lastKnownFileType = sourcecode.swift; path = LoadingViewController.swift; sourceTree = "<group>"; };
		DA0E60B8494A7314A219129D /* Pods-SIM.release.xcconfig */ = {isa = PBXFileReference; includeInIndex = 1; lastKnownFileType = text.xcconfig; name = "Pods-SIM.release.xcconfig"; path = "Pods/Target Support Files/Pods-SIM/Pods-SIM.release.xcconfig"; sourceTree = "<group>"; };
		FEB2C1D667EEA6E5D5BA14BF /* Pods_SIM.framework */ = {isa = PBXFileReference; explicitFileType = wrapper.framework; includeInIndex = 0; path = Pods_SIM.framework; sourceTree = BUILT_PRODUCTS_DIR; };
/* End PBXFileReference section */

/* Begin PBXFrameworksBuildPhase section */
		C1BCCEB2229D772900633D00 /* Frameworks */ = {
			isa = PBXFrameworksBuildPhase;
			buildActionMask = 2147483647;
			files = (
				74A715FF0F1F4BC1704C9459 /* Pods_SIM.framework in Frameworks */,
			);
			runOnlyForDeploymentPostprocessing = 0;
		};
/* End PBXFrameworksBuildPhase section */

/* Begin PBXGroup section */
		1F246AA93CD58E13E0E0F34D /* Frameworks */ = {
			isa = PBXGroup;
			children = (
				FEB2C1D667EEA6E5D5BA14BF /* Pods_SIM.framework */,
			);
			name = Frameworks;
			sourceTree = "<group>";
		};
		C19B03DC22D676E200DC0AA9 /* custom Cells */ = {
			isa = PBXGroup;
			children = (
				C19B03DD22D6773400DC0AA9 /* searchResultsCell.swift */,
				C19B03DE22D6773400DC0AA9 /* searchResultsCell.xib */,
				C14D174322DCA33600CE1B43 /* settingsCell.swift */,
				C14D174422DCA33600CE1B43 /* settingsCell.xib */,
				C1784E5222E0AF4300A62B5C /* gameDetailCell.swift */,
				C1784E5322E0AF4300A62B5C /* gameDetailCell.xib */,
				C1784E5822E0B71600A62B5C /* profileCell.swift */,
				C1784E5922E0B71600A62B5C /* profileCell.xib */,
				C13C6374230442C000BF1221 /* leaderboardCell.swift */,
				C13C6375230442C000BF1221 /* leaderboardCell.xib */,
				C15F2874232FB28E000D62EC /* quickStats.swift */,
				C15F2875232FB28E000D62EC /* quickStats.xib */,
				C1C9B3F323391CC80094498B /* inGameDetailsCell.swift */,
				C1C9B3F423391CC80094498B /* inGameDetailsCell.xib */,
			);
			path = "custom Cells";
			sourceTree = "<group>";
		};
		C1BCCEAC229D772900633D00 = {
			isa = PBXGroup;
			children = (
				C1BCCEB7229D772900633D00 /* SIM */,
				C1BCCEB6229D772900633D00 /* Products */,
				C83BB49B026DF91BAD0AF18F /* Pods */,
				1F246AA93CD58E13E0E0F34D /* Frameworks */,
			);
			sourceTree = "<group>";
		};
		C1BCCEB6229D772900633D00 /* Products */ = {
			isa = PBXGroup;
			children = (
				C1BCCEB5229D772900633D00 /* SIM.app */,
			);
			name = Products;
			sourceTree = "<group>";
		};
		C1BCCEB7229D772900633D00 /* SIM */ = {
			isa = PBXGroup;
			children = (
				C1BCCECD229DB94A00633D00 /* support Files */,
				C1BCCECC229DB93100633D00 /* model */,
				C1BCCECB229DB92800633D00 /* controllers */,
				C1BCCECA229DB91B00633D00 /* view */,
				C1BCCEC4229D772B00633D00 /* Info.plist */,
				C1C8BA57229EBE4900267F75 /* GoogleService-Info.plist */,
			);
			path = SIM;
			sourceTree = "<group>";
		};
		C1BCCECA229DB91B00633D00 /* view */ = {
			isa = PBXGroup;
			children = (
				C1BCCEC1229D772B00633D00 /* LaunchScreen.storyboard */,
				C1BCCEBC229D772900633D00 /* Main.storyboard */,
				C19F310F234E73C9004F8227 /* SellStockPage.swift */,
				C19F310D234E7397004F8227 /* BuyStockPage.swift */,
				C174743E23476ABE006C82AF /* Animation.swift */,
				C14ADE65234FAD1C007C2501 /* ChartsView.swift */,
				C15B297F235600C200C1F9BD /* TestCharts.swift */,
				C17FD84C237C58DA000CD496 /* FBlearningViewController.swift */,
			);
			path = view;
			sourceTree = "<group>";
		};
		C1BCCECB229DB92800633D00 /* controllers */ = {
			isa = PBXGroup;
			children = (
				C19B03DC22D676E200DC0AA9 /* custom Cells */,
				C19B03DA22D65FD000DC0AA9 /* TradeWindow.swift */,
				C133447922DE0047002A04BF /* TermsOfService.swift */,
				C1F0BF0B22CD2FA40016FC17 /* LoadingViewController.swift */,
				C1F0BF0722CCC74A0016FC17 /* AnimationsViewController.swift */,
				C159FBCB22CBD2CD001E0A81 /* AlertViewController.swift */,
				C17FDFBA22BBF2EB0046EEF6 /* searchViewController.swift */,
				C1BCCECE229DB99400633D00 /* loginViewController.swift */,
				C1BCCED0229DB9F000633D00 /* portfolioViewController.swift */,
				C1BCCED2229DBC9200633D00 /* SignInViewController.swift */,
				C19E163822C15320004EE77B /* buyViewController.swift */,
				C19E163A22C15335004EE77B /* sellViewController.swift */,
				C19E163C22C15348004EE77B /* longViewController.swift */,
				C1F0BF0922CCEF1E0016FC17 /* PopUpViewController.swift */,
				C14C1C3422D378510018E1F6 /* LoginScreen.swift */,
				C14C1C3622D3A4040018E1F6 /* Portfolio.swift */,
				C193E5BB22D4EE11004E16DB /* SignIn.swift */,
				C193E5BD22D52636004E16DB /* SignUp.swift */,
				C193E5BF22D529C0004E16DB /* ForgotPassword.swift */,
				C19B03D822D65CEA00DC0AA9 /* FindGame.swift */,
				C1D311CE22D795F900440C1D /* TestViewController.swift */,
				C14D174122DC9ED800CE1B43 /* GameSettings.swift */,
				C133447B22DE0070002A04BF /* Privacy.swift */,
				C1784E5E22E0C05800A62B5C /* Overview.swift */,
				C15CEF2222F0706D00F620B9 /* LoginPage.swift */,
				C15AC3DC22F1CE6800BCBDAD /* RegisterPage.swift */,
				C15AC3DE22F1F23E00BCBDAD /* OverviewPage.swift */,
				C15AC3E022F2234B00BCBDAD /* FindGamePage.swift */,
				C15AC3E222F223F700BCBDAD /* CreateGamePage.swift */,
				C1445E9B230C6FF900CECF0B /* ConfirmationPage.swift */,
				C104E0F822F89DE8002519D2 /* GameSettingsPage.swift */,
				C1722EAD22F9C2320035D925 /* DisclaimerPage.swift */,
				C13C637223043AEF00BF1221 /* LeaderboardPage.swift */,
				C12CD1C523170DE200FBA211 /* GameStatsPage.swift */,
				C10795D32322D32F00044254 /* QuotePageViewC.swift */,
				C10795D52322D42500044254 /* TradePageViewC.swift */,
				C10795D72322D76C00044254 /* FullDetailsPageViewC.swift */,
				C16115D123268438000CAA89 /* ProfileSettingsPage.swift */,
			);
			path = controllers;
			sourceTree = "<group>";
		};
		C1BCCECC229DB93100633D00 /* model */ = {
			isa = PBXGroup;
			children = (
				C173A8D222B1237A001A7F97 /* Stock.swift */,
				C173A8D422B1250C001A7F97 /* Player.swift */,
				C173A8D622B12D20001A7F97 /* SIMGame.swift */,
				C17FDFBC22BC1C090046EEF6 /* StockSymbols.swift */,
				C19ADCAF22E9CEC50073F5E9 /* GamesInfo.swift */,
				C11A1F162301B2750067FAFA /* UserGameSettings.swift */,
				C1A89C2C2327E46500FAAB3F /* Symbol.swift */,
				C14ADE63234FAC21007C2501 /* Charts.swift */,
				C19EC56423CE375100EC0F5E /* JsonSerial.swift */,
			);
			path = model;
			sourceTree = "<group>";
		};
		C1BCCECD229DB94A00633D00 /* support Files */ = {
			isa = PBXGroup;
			children = (
				C1BCCEB8229D772900633D00 /* AppDelegate.swift */,
				C1BCCEBF229D772B00633D00 /* Assets.xcassets */,
				C19E163622C0FE02004EE77B /* disclaimers */,
				C173A8D022B12161001A7F97 /* SIMBrain.swift */,
			);
			path = "support Files";
			sourceTree = "<group>";
		};
		C83BB49B026DF91BAD0AF18F /* Pods */ = {
			isa = PBXGroup;
			children = (
				52A7255E8B6D4800597A4527 /* Pods-SIM.debug.xcconfig */,
				DA0E60B8494A7314A219129D /* Pods-SIM.release.xcconfig */,
			);
			name = Pods;
			sourceTree = "<group>";
		};
/* End PBXGroup section */

/* Begin PBXNativeTarget section */
		C1BCCEB4229D772900633D00 /* SIM */ = {
			isa = PBXNativeTarget;
			buildConfigurationList = C1BCCEC7229D772B00633D00 /* Build configuration list for PBXNativeTarget "SIM" */;
			buildPhases = (
				222B1A6DFE561BF5FAAE65D8 /* [CP] Check Pods Manifest.lock */,
				C1BCCEB1229D772900633D00 /* Sources */,
				C1BCCEB2229D772900633D00 /* Frameworks */,
				C1BCCEB3229D772900633D00 /* Resources */,
				64C74829F7A612F51F17BFD2 /* [CP] Embed Pods Frameworks */,
				584C012C65C7397C7516C75F /* [CP] Copy Pods Resources */,
			);
			buildRules = (
			);
			dependencies = (
			);
			name = SIM;
			productName = SIM;
			productReference = C1BCCEB5229D772900633D00 /* SIM.app */;
			productType = "com.apple.product-type.application";
		};
/* End PBXNativeTarget section */

/* Begin PBXProject section */
		C1BCCEAD229D772900633D00 /* Project object */ = {
			isa = PBXProject;
			attributes = {
				LastSwiftUpdateCheck = 1010;
				LastUpgradeCheck = 1010;
				ORGANIZATIONNAME = user147645;
				TargetAttributes = {
					C1BCCEB4229D772900633D00 = {
						CreatedOnToolsVersion = 10.1;
					};
				};
			};
			buildConfigurationList = C1BCCEB0229D772900633D00 /* Build configuration list for PBXProject "SIM" */;
			compatibilityVersion = "Xcode 9.3";
			developmentRegion = en;
			hasScannedForEncodings = 0;
			knownRegions = (
				en,
				Base,
			);
			mainGroup = C1BCCEAC229D772900633D00;
			productRefGroup = C1BCCEB6229D772900633D00 /* Products */;
			projectDirPath = "";
			projectRoot = "";
			targets = (
				C1BCCEB4229D772900633D00 /* SIM */,
			);
		};
/* End PBXProject section */

/* Begin PBXResourcesBuildPhase section */
		C1BCCEB3229D772900633D00 /* Resources */ = {
			isa = PBXResourcesBuildPhase;
			buildActionMask = 2147483647;
			files = (
				C1784E5522E0AF4300A62B5C /* gameDetailCell.xib in Resources */,
				C15F2877232FB28E000D62EC /* quickStats.xib in Resources */,
				C13C6377230442C000BF1221 /* leaderboardCell.xib in Resources */,
				C19B03E022D6773400DC0AA9 /* searchResultsCell.xib in Resources */,
				C1BCCEC3229D772B00633D00 /* LaunchScreen.storyboard in Resources */,
				C1C9B3F623391CC80094498B /* inGameDetailsCell.xib in Resources */,
				C1C8BA58229EBE4900267F75 /* GoogleService-Info.plist in Resources */,
				C19E163722C0FE02004EE77B /* disclaimers in Resources */,
				C14D174622DCA33600CE1B43 /* settingsCell.xib in Resources */,
				C1BCCEC0229D772B00633D00 /* Assets.xcassets in Resources */,
				C1784E5B22E0B71600A62B5C /* profileCell.xib in Resources */,
				C1BCCEBE229D772900633D00 /* Main.storyboard in Resources */,
			);
			runOnlyForDeploymentPostprocessing = 0;
		};
/* End PBXResourcesBuildPhase section */

/* Begin PBXShellScriptBuildPhase section */
		222B1A6DFE561BF5FAAE65D8 /* [CP] Check Pods Manifest.lock */ = {
			isa = PBXShellScriptBuildPhase;
			buildActionMask = 2147483647;
			files = (
			);
			inputFileListPaths = (
			);
			inputPaths = (
				"${PODS_PODFILE_DIR_PATH}/Podfile.lock",
				"${PODS_ROOT}/Manifest.lock",
			);
			name = "[CP] Check Pods Manifest.lock";
			outputFileListPaths = (
			);
			outputPaths = (
				"$(DERIVED_FILE_DIR)/Pods-SIM-checkManifestLockResult.txt",
			);
			runOnlyForDeploymentPostprocessing = 0;
			shellPath = /bin/sh;
			shellScript = "diff \"${PODS_PODFILE_DIR_PATH}/Podfile.lock\" \"${PODS_ROOT}/Manifest.lock\" > /dev/null\nif [ $? != 0 ] ; then\n    # print error to STDERR\n    echo \"error: The sandbox is not in sync with the Podfile.lock. Run 'pod install' or update your CocoaPods installation.\" >&2\n    exit 1\nfi\n# This output is used by Xcode 'outputs' to avoid re-running this script phase.\necho \"SUCCESS\" > \"${SCRIPT_OUTPUT_FILE_0}\"\n";
			showEnvVarsInLog = 0;
		};
		584C012C65C7397C7516C75F /* [CP] Copy Pods Resources */ = {
			isa = PBXShellScriptBuildPhase;
			buildActionMask = 2147483647;
			files = (
			);
			inputFileListPaths = (
			);
			inputPaths = (
				"${SRCROOT}/Pods/Target Support Files/Pods-SIM/Pods-SIM-resources.sh",
				"${PODS_ROOT}/GoogleSignIn/Resources/GoogleSignIn.bundle",
			);
			name = "[CP] Copy Pods Resources";
			outputFileListPaths = (
			);
			outputPaths = (
				"${TARGET_BUILD_DIR}/${UNLOCALIZED_RESOURCES_FOLDER_PATH}/GoogleSignIn.bundle",
			);
			runOnlyForDeploymentPostprocessing = 0;
			shellPath = /bin/sh;
			shellScript = "\"${SRCROOT}/Pods/Target Support Files/Pods-SIM/Pods-SIM-resources.sh\"\n";
			showEnvVarsInLog = 0;
		};
		64C74829F7A612F51F17BFD2 /* [CP] Embed Pods Frameworks */ = {
			isa = PBXShellScriptBuildPhase;
			buildActionMask = 2147483647;
			files = (
			);
			inputFileListPaths = (
			);
			inputPaths = (
				"${SRCROOT}/Pods/Target Support Files/Pods-SIM/Pods-SIM-frameworks.sh",
				"${BUILT_PRODUCTS_DIR}/AppAuth/AppAuth.framework",
				"${BUILT_PRODUCTS_DIR}/FBSDKCoreKit/FBSDKCoreKit.framework",
				"${BUILT_PRODUCTS_DIR}/FBSDKLoginKit/FBSDKLoginKit.framework",
				"${BUILT_PRODUCTS_DIR}/GTMAppAuth/GTMAppAuth.framework",
				"${BUILT_PRODUCTS_DIR}/GTMSessionFetcher/GTMSessionFetcher.framework",
				"${BUILT_PRODUCTS_DIR}/GoogleUtilities/GoogleUtilities.framework",
				"${BUILT_PRODUCTS_DIR}/SVProgressHUD/SVProgressHUD.framework",
				"${BUILT_PRODUCTS_DIR}/leveldb-library/leveldb.framework",
				"${BUILT_PRODUCTS_DIR}/nanopb/nanopb.framework",
			);
			name = "[CP] Embed Pods Frameworks";
			outputFileListPaths = (
			);
			outputPaths = (
				"${TARGET_BUILD_DIR}/${FRAMEWORKS_FOLDER_PATH}/AppAuth.framework",
				"${TARGET_BUILD_DIR}/${FRAMEWORKS_FOLDER_PATH}/FBSDKCoreKit.framework",
				"${TARGET_BUILD_DIR}/${FRAMEWORKS_FOLDER_PATH}/FBSDKLoginKit.framework",
				"${TARGET_BUILD_DIR}/${FRAMEWORKS_FOLDER_PATH}/GTMAppAuth.framework",
				"${TARGET_BUILD_DIR}/${FRAMEWORKS_FOLDER_PATH}/GTMSessionFetcher.framework",
				"${TARGET_BUILD_DIR}/${FRAMEWORKS_FOLDER_PATH}/GoogleUtilities.framework",
				"${TARGET_BUILD_DIR}/${FRAMEWORKS_FOLDER_PATH}/SVProgressHUD.framework",
				"${TARGET_BUILD_DIR}/${FRAMEWORKS_FOLDER_PATH}/leveldb.framework",
				"${TARGET_BUILD_DIR}/${FRAMEWORKS_FOLDER_PATH}/nanopb.framework",
			);
			runOnlyForDeploymentPostprocessing = 0;
			shellPath = /bin/sh;
			shellScript = "\"${SRCROOT}/Pods/Target Support Files/Pods-SIM/Pods-SIM-frameworks.sh\"\n";
			showEnvVarsInLog = 0;
		};
/* End PBXShellScriptBuildPhase section */

/* Begin PBXSourcesBuildPhase section */
		C1BCCEB1229D772900633D00 /* Sources */ = {
			isa = PBXSourcesBuildPhase;
			buildActionMask = 2147483647;
			files = (
				C1BCCED1229DB9F000633D00 /* portfolioViewController.swift in Sources */,
				C159FBCC22CBD2CD001E0A81 /* AlertViewController.swift in Sources */,
				C10795D42322D32F00044254 /* QuotePageViewC.swift in Sources */,
				C1C9B3F523391CC80094498B /* inGameDetailsCell.swift in Sources */,
				C14D174522DCA33600CE1B43 /* settingsCell.swift in Sources */,
				C1F0BF0C22CD2FA40016FC17 /* LoadingViewController.swift in Sources */,
				C1445E9C230C6FF900CECF0B /* ConfirmationPage.swift in Sources */,
				C11A1F172301B2750067FAFA /* UserGameSettings.swift in Sources */,
				C193E5BE22D52636004E16DB /* SignUp.swift in Sources */,
				C14ADE66234FAD1C007C2501 /* ChartsView.swift in Sources */,
				C19E163D22C15348004EE77B /* longViewController.swift in Sources */,
				C10795D82322D76C00044254 /* FullDetailsPageViewC.swift in Sources */,
				C17FD84D237C58DA000CD496 /* FBlearningViewController.swift in Sources */,
				C193E5BC22D4EE11004E16DB /* SignIn.swift in Sources */,
				C1BCCEB9229D772900633D00 /* AppDelegate.swift in Sources */,
				C12CD1C623170DE200FBA211 /* GameStatsPage.swift in Sources */,
				C1722EAE22F9C2320035D925 /* DisclaimerPage.swift in Sources */,
				C1A89C2D2327E46500FAAB3F /* Symbol.swift in Sources */,
				C17FDFBD22BC1C090046EEF6 /* StockSymbols.swift in Sources */,
				C173A8D322B1237A001A7F97 /* Stock.swift in Sources */,
				C1784E5422E0AF4300A62B5C /* gameDetailCell.swift in Sources */,
				C19E163922C15320004EE77B /* buyViewController.swift in Sources */,
				C1784E5A22E0B71600A62B5C /* profileCell.swift in Sources */,
				C15AC3E122F2234B00BCBDAD /* FindGamePage.swift in Sources */,
				C15B2980235600C200C1F9BD /* TestCharts.swift in Sources */,
				C1F0BF0A22CCEF1E0016FC17 /* PopUpViewController.swift in Sources */,
				C16115D223268438000CAA89 /* ProfileSettingsPage.swift in Sources */,
				C15F2876232FB28E000D62EC /* quickStats.swift in Sources */,
				C14D174222DC9ED800CE1B43 /* GameSettings.swift in Sources */,
				C13C6376230442C000BF1221 /* leaderboardCell.swift in Sources */,
				C15AC3DD22F1CE6800BCBDAD /* RegisterPage.swift in Sources */,
				C1784E5F22E0C05800A62B5C /* Overview.swift in Sources */,
				C19B03D922D65CEA00DC0AA9 /* FindGame.swift in Sources */,
				C19ADCB022E9CEC50073F5E9 /* GamesInfo.swift in Sources */,
				C19F3110234E73C9004F8227 /* SellStockPage.swift in Sources */,
				C15CEF2322F0706D00F620B9 /* LoginPage.swift in Sources */,
				C14ADE64234FAC21007C2501 /* Charts.swift in Sources */,
				C19B03DB22D65FD000DC0AA9 /* TradeWindow.swift in Sources */,
				C173A8D722B12D20001A7F97 /* SIMGame.swift in Sources */,
				C174743F23476ABE006C82AF /* Animation.swift in Sources */,
				C15AC3E322F223F700BCBDAD /* CreateGamePage.swift in Sources */,
				C133447A22DE0047002A04BF /* TermsOfService.swift in Sources */,
				C1BCCED3229DBC9200633D00 /* SignInViewController.swift in Sources */,
				C15AC3DF22F1F23E00BCBDAD /* OverviewPage.swift in Sources */,
				C13C637323043AEF00BF1221 /* LeaderboardPage.swift in Sources */,
				C19F310E234E7397004F8227 /* BuyStockPage.swift in Sources */,
				C14C1C3522D378510018E1F6 /* LoginScreen.swift in Sources */,
				C14C1C3722D3A4040018E1F6 /* Portfolio.swift in Sources */,
				C19EC56523CE375100EC0F5E /* JsonSerial.swift in Sources */,
				C193E5C022D529C0004E16DB /* ForgotPassword.swift in Sources */,
				C1D311CF22D795F900440C1D /* TestViewController.swift in Sources */,
				C1F0BF0822CCC74A0016FC17 /* AnimationsViewController.swift in Sources */,
				C19B03DF22D6773400DC0AA9 /* searchResultsCell.swift in Sources */,
				C104E0F922F89DE8002519D2 /* GameSettingsPage.swift in Sources */,
				C17FDFBB22BBF2EB0046EEF6 /* searchViewController.swift in Sources */,
				C10795D62322D42500044254 /* TradePageViewC.swift in Sources */,
				C173A8D522B1250C001A7F97 /* Player.swift in Sources */,
				C133447C22DE0070002A04BF /* Privacy.swift in Sources */,
				C1BCCECF229DB99400633D00 /* loginViewController.swift in Sources */,
				C19E163B22C15335004EE77B /* sellViewController.swift in Sources */,
				C173A8D122B12161001A7F97 /* SIMBrain.swift in Sources */,
			);
			runOnlyForDeploymentPostprocessing = 0;
		};
/* End PBXSourcesBuildPhase section */

/* Begin PBXVariantGroup section */
		C1BCCEBC229D772900633D00 /* Main.storyboard */ = {
			isa = PBXVariantGroup;
			children = (
				C1BCCEBD229D772900633D00 /* Base */,
			);
			name = Main.storyboard;
			sourceTree = "<group>";
		};
		C1BCCEC1229D772B00633D00 /* LaunchScreen.storyboard */ = {
			isa = PBXVariantGroup;
			children = (
				C1BCCEC2229D772B00633D00 /* Base */,
			);
			name = LaunchScreen.storyboard;
			sourceTree = "<group>";
		};
/* End PBXVariantGroup section */

/* Begin XCBuildConfiguration section */
		C1BCCEC5229D772B00633D00 /* Debug */ = {
			isa = XCBuildConfiguration;
			buildSettings = {
				ALWAYS_SEARCH_USER_PATHS = NO;
				CLANG_ANALYZER_NONNULL = YES;
				CLANG_ANALYZER_NUMBER_OBJECT_CONVERSION = YES_AGGRESSIVE;
				CLANG_CXX_LANGUAGE_STANDARD = "gnu++14";
				CLANG_CXX_LIBRARY = "libc++";
				CLANG_ENABLE_MODULES = YES;
				CLANG_ENABLE_OBJC_ARC = YES;
				CLANG_ENABLE_OBJC_WEAK = YES;
				CLANG_WARN_BLOCK_CAPTURE_AUTORELEASING = YES;
				CLANG_WARN_BOOL_CONVERSION = YES;
				CLANG_WARN_COMMA = YES;
				CLANG_WARN_CONSTANT_CONVERSION = YES;
				CLANG_WARN_DEPRECATED_OBJC_IMPLEMENTATIONS = YES;
				CLANG_WARN_DIRECT_OBJC_ISA_USAGE = YES_ERROR;
				CLANG_WARN_DOCUMENTATION_COMMENTS = YES;
				CLANG_WARN_EMPTY_BODY = YES;
				CLANG_WARN_ENUM_CONVERSION = YES;
				CLANG_WARN_INFINITE_RECURSION = YES;
				CLANG_WARN_INT_CONVERSION = YES;
				CLANG_WARN_NON_LITERAL_NULL_CONVERSION = YES;
				CLANG_WARN_OBJC_IMPLICIT_RETAIN_SELF = YES;
				CLANG_WARN_OBJC_LITERAL_CONVERSION = YES;
				CLANG_WARN_OBJC_ROOT_CLASS = YES_ERROR;
				CLANG_WARN_RANGE_LOOP_ANALYSIS = YES;
				CLANG_WARN_STRICT_PROTOTYPES = YES;
				CLANG_WARN_SUSPICIOUS_MOVE = YES;
				CLANG_WARN_UNGUARDED_AVAILABILITY = YES_AGGRESSIVE;
				CLANG_WARN_UNREACHABLE_CODE = YES;
				CLANG_WARN__DUPLICATE_METHOD_MATCH = YES;
				CODE_SIGN_IDENTITY = "iPhone Developer";
				COPY_PHASE_STRIP = NO;
				DEBUG_INFORMATION_FORMAT = dwarf;
				ENABLE_STRICT_OBJC_MSGSEND = YES;
				ENABLE_TESTABILITY = YES;
				GCC_C_LANGUAGE_STANDARD = gnu11;
				GCC_DYNAMIC_NO_PIC = NO;
				GCC_NO_COMMON_BLOCKS = YES;
				GCC_OPTIMIZATION_LEVEL = 0;
				GCC_PREPROCESSOR_DEFINITIONS = (
					"DEBUG=1",
					"$(inherited)",
				);
				GCC_WARN_64_TO_32_BIT_CONVERSION = YES;
				GCC_WARN_ABOUT_RETURN_TYPE = YES_ERROR;
				GCC_WARN_UNDECLARED_SELECTOR = YES;
				GCC_WARN_UNINITIALIZED_AUTOS = YES_AGGRESSIVE;
				GCC_WARN_UNUSED_FUNCTION = YES;
				GCC_WARN_UNUSED_VARIABLE = YES;
				IPHONEOS_DEPLOYMENT_TARGET = 12.1;
				MTL_ENABLE_DEBUG_INFO = INCLUDE_SOURCE;
				MTL_FAST_MATH = YES;
				ONLY_ACTIVE_ARCH = YES;
				SDKROOT = iphoneos;
				SWIFT_ACTIVE_COMPILATION_CONDITIONS = DEBUG;
				SWIFT_OPTIMIZATION_LEVEL = "-Onone";
			};
			name = Debug;
		};
		C1BCCEC6229D772B00633D00 /* Release */ = {
			isa = XCBuildConfiguration;
			buildSettings = {
				ALWAYS_SEARCH_USER_PATHS = NO;
				CLANG_ANALYZER_NONNULL = YES;
				CLANG_ANALYZER_NUMBER_OBJECT_CONVERSION = YES_AGGRESSIVE;
				CLANG_CXX_LANGUAGE_STANDARD = "gnu++14";
				CLANG_CXX_LIBRARY = "libc++";
				CLANG_ENABLE_MODULES = YES;
				CLANG_ENABLE_OBJC_ARC = YES;
				CLANG_ENABLE_OBJC_WEAK = YES;
				CLANG_WARN_BLOCK_CAPTURE_AUTORELEASING = YES;
				CLANG_WARN_BOOL_CONVERSION = YES;
				CLANG_WARN_COMMA = YES;
				CLANG_WARN_CONSTANT_CONVERSION = YES;
				CLANG_WARN_DEPRECATED_OBJC_IMPLEMENTATIONS = YES;
				CLANG_WARN_DIRECT_OBJC_ISA_USAGE = YES_ERROR;
				CLANG_WARN_DOCUMENTATION_COMMENTS = YES;
				CLANG_WARN_EMPTY_BODY = YES;
				CLANG_WARN_ENUM_CONVERSION = YES;
				CLANG_WARN_INFINITE_RECURSION = YES;
				CLANG_WARN_INT_CONVERSION = YES;
				CLANG_WARN_NON_LITERAL_NULL_CONVERSION = YES;
				CLANG_WARN_OBJC_IMPLICIT_RETAIN_SELF = YES;
				CLANG_WARN_OBJC_LITERAL_CONVERSION = YES;
				CLANG_WARN_OBJC_ROOT_CLASS = YES_ERROR;
				CLANG_WARN_RANGE_LOOP_ANALYSIS = YES;
				CLANG_WARN_STRICT_PROTOTYPES = YES;
				CLANG_WARN_SUSPICIOUS_MOVE = YES;
				CLANG_WARN_UNGUARDED_AVAILABILITY = YES_AGGRESSIVE;
				CLANG_WARN_UNREACHABLE_CODE = YES;
				CLANG_WARN__DUPLICATE_METHOD_MATCH = YES;
				CODE_SIGN_IDENTITY = "iPhone Developer";
				COPY_PHASE_STRIP = NO;
				DEBUG_INFORMATION_FORMAT = "dwarf-with-dsym";
				ENABLE_NS_ASSERTIONS = NO;
				ENABLE_STRICT_OBJC_MSGSEND = YES;
				GCC_C_LANGUAGE_STANDARD = gnu11;
				GCC_NO_COMMON_BLOCKS = YES;
				GCC_WARN_64_TO_32_BIT_CONVERSION = YES;
				GCC_WARN_ABOUT_RETURN_TYPE = YES_ERROR;
				GCC_WARN_UNDECLARED_SELECTOR = YES;
				GCC_WARN_UNINITIALIZED_AUTOS = YES_AGGRESSIVE;
				GCC_WARN_UNUSED_FUNCTION = YES;
				GCC_WARN_UNUSED_VARIABLE = YES;
				IPHONEOS_DEPLOYMENT_TARGET = 12.1;
				MTL_ENABLE_DEBUG_INFO = NO;
				MTL_FAST_MATH = YES;
				SDKROOT = iphoneos;
				SWIFT_COMPILATION_MODE = wholemodule;
				SWIFT_OPTIMIZATION_LEVEL = "-O";
				VALIDATE_PRODUCT = YES;
			};
			name = Release;
		};
		C1BCCEC8229D772B00633D00 /* Debug */ = {
			isa = XCBuildConfiguration;
			baseConfigurationReference = 52A7255E8B6D4800597A4527 /* Pods-SIM.debug.xcconfig */;
			buildSettings = {
				ASSETCATALOG_COMPILER_APPICON_NAME = AppIcon;
				CODE_SIGN_STYLE = Automatic;
				DEVELOPMENT_TEAM = 6G2AM6B3VP;
				INFOPLIST_FILE = SIM/Info.plist;
				LD_RUNPATH_SEARCH_PATHS = (
					"$(inherited)",
					"@executable_path/Frameworks",
				);
				PRODUCT_BUNDLE_IDENTIFIER = alleyneVentures.com.SIM;
				PRODUCT_NAME = "$(TARGET_NAME)";
				SWIFT_VERSION = 4.2;
				TARGETED_DEVICE_FAMILY = "1,2";
			};
			name = Debug;
		};
		C1BCCEC9229D772B00633D00 /* Release */ = {
			isa = XCBuildConfiguration;
			baseConfigurationReference = DA0E60B8494A7314A219129D /* Pods-SIM.release.xcconfig */;
			buildSettings = {
				ASSETCATALOG_COMPILER_APPICON_NAME = AppIcon;
				CODE_SIGN_STYLE = Automatic;
				DEVELOPMENT_TEAM = 6G2AM6B3VP;
				INFOPLIST_FILE = SIM/Info.plist;
				LD_RUNPATH_SEARCH_PATHS = (
					"$(inherited)",
					"@executable_path/Frameworks",
				);
				PRODUCT_BUNDLE_IDENTIFIER = alleyneVentures.com.SIM;
				PRODUCT_NAME = "$(TARGET_NAME)";
				SWIFT_VERSION = 4.2;
				TARGETED_DEVICE_FAMILY = "1,2";
			};
			name = Release;
		};
/* End XCBuildConfiguration section */

/* Begin XCConfigurationList section */
		C1BCCEB0229D772900633D00 /* Build configuration list for PBXProject "SIM" */ = {
			isa = XCConfigurationList;
			buildConfigurations = (
				C1BCCEC5229D772B00633D00 /* Debug */,
				C1BCCEC6229D772B00633D00 /* Release */,
			);
			defaultConfigurationIsVisible = 0;
			defaultConfigurationName = Release;
		};
		C1BCCEC7229D772B00633D00 /* Build configuration list for PBXNativeTarget "SIM" */ = {
			isa = XCConfigurationList;
			buildConfigurations = (
				C1BCCEC8229D772B00633D00 /* Debug */,
				C1BCCEC9229D772B00633D00 /* Release */,
			);
			defaultConfigurationIsVisible = 0;
			defaultConfigurationName = Release;
		};
/* End XCConfigurationList section */
	};
	rootObject = C1BCCEAD229D772900633D00 /* Project object */;
}
